
Microsoft Visual Studio Solution File, Format Version 12.00
# Visual Studio Version 16
VisualStudioVersion = 25.0.1703.3
MinimumVisualStudioVersion = 10.0.40219.1
Project("{FAE04EC0-301F-11D3-BF4B-00C04F79EFBC}") = "lite_test_api", "lite_test_api\lite_test_api.csproj", "{BCFF8CBF-6EE0-4C81-A4E0-860DA8B29848}"
EndProject
Global
	GlobalSection(SolutionConfigurationPlatforms) = preSolution
		Debug|Any CPU = Debug|Any CPU
		Release|Any CPU = Release|Any CPU
	EndGlobalSection
	GlobalSection(ProjectConfigurationPlatforms) = postSolution
		{BCFF8CBF-6EE0-4C81-A4E0-860DA8B29848}.Debug|Any CPU.ActiveCfg = Debug|Any CPU
		{BCFF8CBF-6EE0-4C81-A4E0-860DA8B29848}.Debug|Any CPU.Build.0 = Debug|Any CPU
		{BCFF8CBF-6EE0-4C81-A4E0-860DA8B29848}.Release|Any CPU.ActiveCfg = Release|Any CPU
		{BCFF8CBF-6EE0-4C81-A4E0-860DA8B29848}.Release|Any CPU.Build.0 = Release|Any CPU
	EndGlobalSection
	GlobalSection(SolutionProperties) = preSolution
		HideSolutionNode = FALSE
	EndGlobalSection
	GlobalSection(ExtensibilityGlobals) = postSolution
		SolutionGuid = {21904FAE-6E04-4A1F-850A-BBA5E3E2ED11}
	EndGlobalSection
EndGlobal
